{
  "name": "sig-castelldefels",
  "lockfileVersion": 3,
  "requires": true,
  "packages": {
    "": {
      "name": "sig-castelldefels",
      "dependencies": {
        "proj4": "^2.22.0"
      }
    },
    "node_modules/mgrs": {
      "version": "1.0.0",
      "resolved": "https://registry.npmjs.org/mgrs/-/mgrs-1.0.0.tgz",
      "integrity": "sha512-awNbTOqCxK1DBGjalK3xqWIstBZgN6fxsMSiXLs9/spqWkF2pAhb2rrYCFSsr1/tT7PhcDGjZndG8SWYn0byYA==",
      "license": "MIT"
    },
    "node_modules/proj4": {
      "version": "2.22.0",
      "resolved": "https://registry.npmjs.org/proj4/-/proj4-2.22.0.tgz",
      "integrity": "sha512-MVvH09QrYm3A235rcX39WDiCKanrBiblu28l0KYIn/B2DofmYhvP/LLS43kE66jNDfx/P1l/nah3JmsAq8UgbQ==",
      "license": "MIT",
      "dependencies": {
        "mgrs": "1.0.0",
        "wkt-parser": "^1.5.5"
      },
      "funding": {
        "url": "https://github.com/sponsors/ahocevar"
      },
      "peerDependencies": {
        "geotiff": "*"
      },
      "peerDependenciesMeta": {
        "geotiff": {
          "optional": true
        }
      }
    },
    "node_modules/wkt-parser": {
      "version": "1.5.6",
      "resolved": "https://registry.npmjs.org/wkt-parser/-/wkt-parser-1.5.6.tgz",
      "integrity": "sha512-cqHU3lzGt/gt2OqIORP0uVy5yeOX43WABmgFkmJsmcqH3HhQo9PiJG6ftytwGKmpQUbegeX7+pQc2BuNCRfcrw==",
      "license": "MIT",
      "funding": {
        "url": "https://github.com/sponsors/ahocevar"
      }
    }
  }
}
